// !$*UTF8*$!
{
	archiveVersion = 1;
	classes = {
	};
	objectVersion = 46;
	objects = {

/* Begin PBXBuildFile section */
		CCEF65F71A5CB7BC00470D39 /* AppDelegate.swift in Sources */ = {isa = PBXBuildFile; fileRef = CCEF65F61A5CB7BC00470D39 /* AppDelegate.swift */; };
		CCEF65F91A5CB7BC00470D39 /* ViewController.swift in Sources */ = {isa = PBXBuildFile; fileRef = CCEF65F81A5CB7BC00470D39 /* ViewController.swift */; };
		CCEF65FC1A5CB7BC00470D39 /* Main.storyboard in Resources */ = {isa = PBXBuildFile; fileRef = CCEF65FA1A5CB7BC00470D39 /* Main.storyboard */; };
		CCEF65FE1A5CB7BC00470D39 /* Images.xcassets in Resources */ = {isa = PBXBuildFile; fileRef = CCEF65FD1A5CB7BC00470D39 /* Images.xcassets */; };
		CCEF66011A5CB7BC00470D39 /* LaunchScreen.xib in Resources */ = {isa = PBXBuildFile; fileRef = CCEF65FF1A5CB7BC00470D39 /* LaunchScreen.xib */; };
		CCEF660D1A5CB7BC00470D39 /* HelloSwiftTests.swift in Sources */ = {isa = PBXBuildFile; fileRef = CCEF660C1A5CB7BC00470D39 /* HelloSwiftTests.swift */; };
/* End PBXBuildFile section */

/* Begin PBXContainerItemProxy section */
		CCEF66071A5CB7BC00470D39 /* PBXContainerItemProxy */ = {
			isa = PBXContainerItemProxy;
			containerPortal = CCEF65E91A5CB7BC00470D39 /* Project object */;
			proxyType = 1;
			remoteGlobalIDString = CCEF65F01A5CB7BC00470D39;
			remoteInfo = HelloSwift;
		};
/* End PBXContainerItemProxy section */

/* Begin PBXFileReference section */
		CCEF65F11A5CB7BC00470D39 /* HelloSwift.app */ = {isa = PBXFileReference; explicitFileType = wrapper.application; includeInIndex = 0; path = HelloSwift.app; sourceTree = BUILT_PRODUCTS_DIR; };
		CCEF65F51A5CB7BC00470D39 /* Info.plist */ = {isa = PBXFileReference; lastKnownFileType = text.plist.xml; path = Info.plist; sourceTree = "<group>"; };
		CCEF65F61A5CB7BC00470D39 /* AppDelegate.swift */ = {isa = PBXFileReference; lastKnownFileType = sourcecode.swift; path = AppDelegate.swift; sourceTree = "<group>"; };
		CCEF65F81A5CB7BC00470D39 /* ViewController.swift */ = {isa = PBXFileReference; lastKnownFileType = sourcecode.swift; path = ViewController.swift; sourceTree = "<group>"; };
		CCEF65FB1A5CB7BC00470D39 /* Base */ = {isa = PBXFileReference; lastKnownFileType = file.storyboard; name = Base; path = Base.lproj/Main.storyboard; sourceTree = "<group>"; };
		CCEF65FD1A5CB7BC00470D39 /* Images.xcassets */ = {isa = PBXFileReference; lastKnownFileType = folder.assetcatalog; path = Images.xcassets; sourceTree = "<group>"; };
		CCEF66001A5CB7BC00470D39 /* Base */ = {isa = PBXFileReference; lastKnownFileType = file.xib; name = Base; path = Base.lproj/LaunchScreen.xib; sourceTree = "<group>"; };
		CCEF66061A5CB7BC00470D39 /* HelloSwiftTests.xctest */ = {isa = PBXFileReference; explicitFileType = wrapper.cfbundle; includeInIndex = 0; path = HelloSwiftTests.xctest; sourceTree = BUILT_PRODUCTS_DIR; };
		CCEF660B1A5CB7BC00470D39 /* Info.plist */ = {isa = PBXFileReference; lastKnownFileType = text.plist.xml; path = Info.plist; sourceTree = "<group>"; };
		CCEF660C1A5CB7BC00470D39 /* HelloSwiftTests.swift */ = {isa = PBXFileReference; lastKnownFileType = sourcecode.swift; path = HelloSwiftTests.swift; sourceTree = "<group>"; };
/* End PBXFileReference section */

/* Begin PBXFrameworksBuildPhase section */
		CCEF65EE1A5CB7BC00470D39 /* Frameworks */ = {
			isa = PBXFrameworksBuildPhase;
			buildActionMask = 2147483647;
			files = (
			);
			runOnlyForDeploymentPostprocessing = 0;
		};
		CCEF66031A5CB7BC00470D39 /* Frameworks */ = {
			isa = PBXFrameworksBuildPhase;
			buildActionMask = 2147483647;
			files = (
			);
			runOnlyForDeploymentPostprocessing = 0;
		};
/* End PBXFrameworksBuildPhase section */

/* Begin PBXGroup section */
		CCEF65E81A5CB7BC00470D39 = {
			isa = PBXGroup;
			children = (
				CCEF65F31A5CB7BC00470D39 /* HelloSwift */,
				CCEF66091A5CB7BC00470D39 /* HelloSwiftTests */,
				CCEF65F21A5CB7BC00470D39 /* Products */,
			);
			sourceTree = "<group>";
		};
		CCEF65F21A5CB7BC00470D39 /* Products */ = {
			isa = PBXGroup;
			children = (
				CCEF65F11A5CB7BC00470D39 /* HelloSwift.app */,
				CCEF66061A5CB7BC00470D39 /* HelloSwiftTests.xctest */,
			);
			name = Products;
			sourceTree = "<group>";
		};
		CCEF65F31A5CB7BC00470D39 /* HelloSwift */ = {
			isa = PBXGroup;
			children = (
				CCEF65F61A5CB7BC00470D39 /* AppDelegate.swift */,
				CCEF65F81A5CB7BC00470D39 /* ViewController.swift */,
				CCEF65FA1A5CB7BC00470D39 /* Main.storyboard */,
				CCEF65FD1A5CB7BC00470D39 /* Images.xcassets */,
				CCEF65FF1A5CB7BC00470D39 /* LaunchScreen.xib */,
				CCEF65F41A5CB7BC00470D39 /* Supporting Files */,
			);
			path = HelloSwift;
			sourceTree = "<group>";
		};
		CCEF65F41A5CB7BC00470D39 /* Supporting Files */ = {
			isa = PBXGroup;
			children = (
				CCEF65F51A5CB7BC00470D39 /* Info.plist */,
			);
			name = "Supporting Files";
			sourceTree = "<group>";
		};
		CCEF66091A5CB7BC00470D39 /* HelloSwiftTests */ = {
			isa = PBXGroup;
			children = (
				CCEF660C1A5CB7BC00470D39 /* HelloSwiftTests.swift */,
				CCEF660A1A5CB7BC00470D39 /* Supporting Files */,
			);
			path = HelloSwiftTests;
			sourceTree = "<group>";
		};
		CCEF660A1A5CB7BC00470D39 /* Supporting Files */ = {
			isa = PBXGroup;
			children = (
				CCEF660B1A5CB7BC00470D39 /* Info.plist */,
			);
			name = "Supporting Files";
			sourceTree = "<group>";
		};
/* End PBXGroup section */

/* Begin PBXNativeTarget section */
		CCEF65F01A5CB7BC00470D39 /* HelloSwift */ = {
			isa = PBXNativeTarget;
			buildConfigurationList = CCEF66101A5CB7BC00470D39 /* Build configuration list for PBXNativeTarget "HelloSwift" */;
			buildPhases = (
				CCEF65ED1A5CB7BC00470D39 /* Sources */,
				CCEF65EE1A5CB7BC00470D39 /* Frameworks */,
				CCEF65EF1A5CB7BC00470D39 /* Resources */,
			);
			buildRules = (
			);
			dependencies = (
			);
			name = HelloSwift;
			productName = HelloSwift;
			productReference = CCEF65F11A5CB7BC00470D39 /* HelloSwift.app */;
			productType = "com.apple.product-type.application";
		};
		CCEF66051A5CB7BC00470D39 /* HelloSwiftTests */ = {
			isa = PBXNativeTarget;
			buildConfigurationList = CCEF66131A5CB7BC00470D39 /* Build configuration list for PBXNativeTarget "HelloSwiftTests" */;
			buildPhases = (
				CCEF66021A5CB7BC00470D39 /* Sources */,
				CCEF66031A5CB7BC00470D39 /* Frameworks */,
				CCEF66041A5CB7BC00470D39 /* Resources */,
			);
			buildRules = (
			);
			dependencies = (
				CCEF66081A5CB7BC00470D39 /* PBXTargetDependency */,
			);
			name = HelloSwiftTests;
			productName = HelloSwiftTests;
			productReference = CCEF66061A5CB7BC00470D39 /* HelloSwiftTests.xctest */;
			productType = "com.apple.product-type.bundle.unit-test";
		};
/* End PBXNativeTarget section */

/* Begin PBXProject section */
		CCEF65E91A5CB7BC00470D39 /* Project object */ = {
			isa = PBXProject;
			attributes = {
				LastUpgradeCheck = 0610;
				ORGANIZATIONNAME = CocuyoStudio;
				TargetAttributes = {
					CCEF65F01A5CB7BC00470D39 = {
						CreatedOnToolsVersion = 6.1.1;
					};
					CCEF66051A5CB7BC00470D39 = {
						CreatedOnToolsVersion = 6.1.1;
						TestTargetID = CCEF65F01A5CB7BC00470D39;
					};
				};
			};
			buildConfigurationList = CCEF65EC1A5CB7BC00470D39 /* Build configuration list for PBXProject "HelloSwift" */;
			compatibilityVersion = "Xcode 3.2";
			developmentRegion = English;
			hasScannedForEncodings = 0;
			knownRegions = (
				en,
				Base,
			);
			mainGroup = CCEF65E81A5CB7BC00470D39;
			productRefGroup = CCEF65F21A5CB7BC00470D39 /* Products */;
			projectDirPath = "";
			projectRoot = "";
			targets = (
				CCEF65F01A5CB7BC00470D39 /* HelloSwift */,
				CCEF66051A5CB7BC00470D39 /* HelloSwiftTests */,
			);
		};
/* End PBXProject section */

/* Begin PBXResourcesBuildPhase section */
		CCEF65EF1A5CB7BC00470D39 /* Resources */ = {
			isa = PBXResourcesBuildPhase;
			buildActionMask = 2147483647;
			files = (
				CCEF65FC1A5CB7BC00470D39 /* Main.storyboard in Resources */,
				CCEF66011A5CB7BC00470D39 /* LaunchScreen.xib in Resources */,
				CCEF65FE1A5CB7BC00470D39 /* Images.xcassets in Resources */,
			);
			runOnlyForDeploymentPostprocessing = 0;
		};
		CCEF66041A5CB7BC00470D39 /* Resources */ = {
			isa = PBXResourcesBuildPhase;
			buildActionMask = 2147483647;
			files = (
			);
			runOnlyForDeploymentPostprocessing = 0;
		};
/* End PBXResourcesBuildPhase section */

/* Begin PBXSourcesBuildPhase section */
		CCEF65ED1A5CB7BC00470D39 /* Sources */ = {
			isa = PBXSourcesBuildPhase;
			buildActionMask = 2147483647;
			files = (
				CCEF65F91A5CB7BC00470D39 /* ViewController.swift in Sources */,
				CCEF65F71A5CB7BC00470D39 /* AppDelegate.swift in Sources */,
			);
			runOnlyForDeploymentPostprocessing = 0;
		};
		CCEF66021A5CB7BC00470D39 /* Sources */ = {
			isa = PBXSourcesBuildPhase;
			buildActionMask = 2147483647;
			files = (
				CCEF660D1A5CB7BC00470D39 /* HelloSwiftTests.swift in Sources */,
			);
			runOnlyForDeploymentPostprocessing = 0;
		};
/* End PBXSourcesBuildPhase section */

/* Begin PBXTargetDependency section */
		CCEF66081A5CB7BC00470D39 /* PBXTargetDependency */ = {
			isa = PBXTargetDependency;
			target = CCEF65F01A5CB7BC00470D39 /* HelloSwift */;
			targetProxy = CCEF66071A5CB7BC00470D39 /* PBXContainerItemProxy */;
		};
/* End PBXTargetDependency section */

/* Begin PBXVariantGroup section */
		CCEF65FA1A5CB7BC00470D39 /* Main.storyboard */ = {
			isa = PBXVariantGroup;
			children = (
				CCEF65FB1A5CB7BC00470D39 /* Base */,
			);
			name = Main.storyboard;
			sourceTree = "<group>";
		};
		CCEF65FF1A5CB7BC00470D39 /* LaunchScreen.xib */ = {
			isa = PBXVariantGroup;
			children = (
				CCEF66001A5CB7BC00470D39 /* Base */,
			);
			name = LaunchScreen.xib;
			sourceTree = "<group>";
		};
/* End PBXVariantGroup section */

/* Begin XCBuildConfiguration section */
		CCEF660E1A5CB7BC00470D39 /* Debug */ = {
			isa = XCBuildConfiguration;
			buildSettings = {
				ALWAYS_SEARCH_USER_PATHS = NO;
				CLANG_CXX_LANGUAGE_STANDARD = "gnu++0x";
				CLANG_CXX_LIBRARY = "libc++";
				CLANG_ENABLE_MODULES = YES;
				CLANG_ENABLE_OBJC_ARC = YES;
				CLANG_WARN_BOOL_CONVERSION = YES;
				CLANG_WARN_CONSTANT_CONVERSION = YES;
				CLANG_WARN_DIRECT_OBJC_ISA_USAGE = YES_ERROR;
				CLANG_WARN_EMPTY_BODY = YES;
				CLANG_WARN_ENUM_CONVERSION = YES;
				CLANG_WARN_INT_CONVERSION = YES;
				CLANG_WARN_OBJC_ROOT_CLASS = YES_ERROR;
				CLANG_WARN_UNREACHABLE_CODE = YES;
				CLANG_WARN__DUPLICATE_METHOD_MATCH = YES;
				"CODE_SIGN_IDENTITY[sdk=iphoneos*]" = "iPhone Developer";
				COPY_PHASE_STRIP = NO;
				ENABLE_STRICT_OBJC_MSGSEND = YES;
				GCC_C_LANGUAGE_STANDARD = gnu99;
				GCC_DYNAMIC_NO_PIC = NO;
				GCC_OPTIMIZATION_LEVEL = 0;
				GCC_PREPROCESSOR_DEFINITIONS = (
					"DEBUG=1",
					"$(inherited)",
				);
				GCC_SYMBOLS_PRIVATE_EXTERN = NO;
				GCC_WARN_64_TO_32_BIT_CONVERSION = YES;
				GCC_WARN_ABOUT_RETURN_TYPE = YES_ERROR;
				GCC_WARN_UNDECLARED_SELECTOR = YES;
				GCC_WARN_UNINITIALIZED_AUTOS = YES_AGGRESSIVE;
				GCC_WARN_UNUSED_FUNCTION = YES;
				GCC_WARN_UNUSED_VARIABLE = YES;
				IPHONEOS_DEPLOYMENT_TARGET = 8.1;
				MTL_ENABLE_DEBUG_INFO = YES;
				ONLY_ACTIVE_ARCH = YES;
				SDKROOT = iphoneos;
				SWIFT_OPTIMIZATION_LEVEL = "-Onone";
			};
			name = Debug;
		};
		CCEF660F1A5CB7BC00470D39 /* Release */ = {
			isa = XCBuildConfiguration;
			buildSettings = {
				ALWAYS_SEARCH_USER_PATHS = NO;
				CLANG_CXX_LANGUAGE_STANDARD = "gnu++0x";
				CLANG_CXX_LIBRARY = "libc++";
				CLANG_ENABLE_MODULES = YES;
				CLANG_ENABLE_OBJC_ARC = YES;
				CLANG_WARN_BOOL_CONVERSION = YES;
				CLANG_WARN_CONSTANT_CONVERSION = YES;
				CLANG_WARN_DIRECT_OBJC_ISA_USAGE = YES_ERROR;
				CLANG_WARN_EMPTY_BODY = YES;
				CLANG_WARN_ENUM_CONVERSION = YES;
				CLANG_WARN_INT_CONVERSION = YES;
				CLANG_WARN_OBJC_ROOT_CLASS = YES_ERROR;
				CLANG_WARN_UNREACHABLE_CODE = YES;
				CLANG_WARN__DUPLICATE_METHOD_MATCH = YES;
				"CODE_SIGN_IDENTITY[sdk=iphoneos*]" = "iPhone Developer";
				COPY_PHASE_STRIP = YES;
				ENABLE_NS_ASSERTIONS = NO;
				ENABLE_STRICT_OBJC_MSGSEND = YES;
				GCC_C_LANGUAGE_STANDARD = gnu99;
				GCC_WARN_64_TO_32_BIT_CONVERSION = YES;
				GCC_WARN_ABOUT_RETURN_TYPE = YES_ERROR;
				GCC_WARN_UNDECLARED_SELECTOR = YES;
				GCC_WARN_UNINITIALIZED_AUTOS = YES_AGGRESSIVE;
				GCC_WARN_UNUSED_FUNCTION = YES;
				GCC_WARN_UNUSED_VARIABLE = YES;
				IPHONEOS_DEPLOYMENT_TARGET = 8.1;
				MTL_ENABLE_DEBUG_INFO = NO;
				SDKROOT = iphoneos;
				VALIDATE_PRODUCT = YES;
			};
			name = Release;
		};
		CCEF66111A5CB7BC00470D39 /* Debug */ = {
			isa = XCBuildConfiguration;
			buildSettings = {
				ASSETCATALOG_COMPILER_APPICON_NAME = AppIcon;
				INFOPLIST_FILE = HelloSwift/Info.plist;
				LD_RUNPATH_SEARCH_PATHS = "$(inherited) @executable_path/Frameworks";
				PRODUCT_NAME = "$(TARGET_NAME)";
			};
			name = Debug;
		};
		CCEF66121A5CB7BC00470D39 /* Release */ = {
			isa = XCBuildConfiguration;
			buildSettings = {
				ASSETCATALOG_COMPILER_APPICON_NAME = AppIcon;
				INFOPLIST_FILE = HelloSwift/Info.plist;
				LD_RUNPATH_SEARCH_PATHS = "$(inherited) @executable_path/Frameworks";
				PRODUCT_NAME = "$(TARGET_NAME)";
			};
			name = Release;
		};
		CCEF66141A5CB7BC00470D39 /* Debug */ = {
			isa = XCBuildConfiguration;
			buildSettings = {
				BUNDLE_LOADER = "$(TEST_HOST)";
				FRAMEWORK_SEARCH_PATHS = (
					"$(SDKROOT)/Developer/Library/Frameworks",
					"$(inherited)",
				);
				GCC_PREPROCESSOR_DEFINITIONS = (
					"DEBUG=1",
					"$(inherited)",
				);
				INFOPLIST_FILE = HelloSwiftTests/Info.plist;
				LD_RUNPATH_SEARCH_PATHS = "$(inherited) @executable_path/Frameworks @loader_path/Frameworks";
				PRODUCT_NAME = "$(TARGET_NAME)";
				TEST_HOST = "$(BUILT_PRODUCTS_DIR)/HelloSwift.app/HelloSwift";
			};
			name = Debug;
		};
		CCEF66151A5CB7BC00470D39 /* Release */ = {
			isa = XCBuildConfiguration;
			buildSettings = {
				BUNDLE_LOADER = "$(TEST_HOST)";
				FRAMEWORK_SEARCH_PATHS = (
					"$(SDKROOT)/Developer/Library/Frameworks",
					"$(inherited)",
				);
				INFOPLIST_FILE = HelloSwiftTests/Info.plist;
				LD_RUNPATH_SEARCH_PATHS = "$(inherited) @executable_path/Frameworks @loader_path/Frameworks";
				PRODUCT_NAME = "$(TARGET_NAME)";
				TEST_HOST = "$(BUILT_PRODUCTS_DIR)/HelloSwift.app/HelloSwift";
			};
			name = Release;
		};
/* End XCBuildConfiguration section */

/* Begin XCConfigurationList section */
		CCEF65EC1A5CB7BC00470D39 /* Build configuration list for PBXProject "HelloSwift" */ = {
			isa = XCConfigurationList;
			buildConfigurations = (
				CCEF660E1A5CB7BC00470D39 /* Debug */,
				CCEF660F1A5CB7BC00470D39 /* Release */,
			);
			defaultConfigurationIsVisible = 0;
			defaultConfigurationName = Release;
		};
		CCEF66101A5CB7BC00470D39 /* Build configuration list for PBXNativeTarget "HelloSwift" */ = {
			isa = XCConfigurationList;
			buildConfigurations = (
				CCEF66111A5CB7BC00470D39 /* Debug */,
				CCEF66121A5CB7BC00470D39 /* Release */,
			);
			defaultConfigurationIsVisible = 0;
		};
		CCEF66131A5CB7BC00470D39 /* Build configuration list for PBXNativeTarget "HelloSwiftTests" */ = {
			isa = XCConfigurationList;
			buildConfigurations = (
				CCEF66141A5CB7BC00470D39 /* Debug */,
				CCEF66151A5CB7BC00470D39 /* Release */,
			);
			defaultConfigurationIsVisible = 0;
		};
/* End XCConfigurationList section */
	};
	rootObject = CCEF65E91A5CB7BC00470D39 /* Project object */;
}
